Distributed Systems Big Data Content Delivery Network Containerization Latency Optimization Testing Agile API Gateway Serverless Pull Request
Success is not in what you have, but who you are. Automation Difficult roads often lead to beautiful destinations. Code Review The only way to do great work is to love what you do. Do what you love and the money will follow. Kafka Load Testing Cloud Data Pipeline
