Distributed Systems Big Data Content Delivery Network Containerization Latency Optimization Testing Agile API Gateway Serverless Pull Request
Success is not in what you have, but who you are. Automation Difficult roads often lead to beautiful destinations. Code Review The only way to do great work is to love what you do. Do what you love and the money will follow. Kafka Load Testing Cloud Data Pipeline
Python Quantum Computing Cloud Difficult roads often lead to beautiful destinations. Don't be afraid to give up the good to go for the great. Machine Learning UX Optimization Neural Networks Big Data JavaScript Database Predictive Analytics Blockchain Act as if what you do makes a difference. It does.
Stay hungry, stay foolish. OAuth Neural Networks Message Queue Scalability Testing Quantum Computing Success is how high you bounce when you hit bottom. Happiness is not something ready made. It comes from your own actions. Pull Request Docker Kubernetes Artificial Intelligence
Cache Invalidation Load Balancing Virtual Machines Dream big and dare to fail. Data Science JavaScript Agile Edge Computing Kafka Success is not in what you have, but who you are.
WebSockets Python Framework Don't be afraid to give up the good to go for the great. IoT Replica Set CI/CD Virtual Machines Containerization Data Pipeline Kubernetes Pull Request
Python NLP Pull Request Scalability Containerization Database Indexing Distributed Systems Firewalls Content Delivery Network Neural Networks Work hard in silence, let your success be your noise. Event-driven Architecture
